lockfileVersion: '9.0'

settings:
  autoInstallPeers: true
  excludeLinksFromLockfile: false

importers:

  .:
    dependencies:
      jose:
        specifier: ^6.2.2
        version: 6.2.2

packages:

  jose@6.2.2:
    resolution: {integrity: sha512-d7kPDd34KO/YnzaDOlikGpOurfF0ByC2sEV4cANCtdqLlTfBlw2p14O/5d/zv40gJPbIQxfES3nSx1/oYNyuZQ==}

snapshots:

  jose@6.2.2: {}
